
Microsoft Visual Studio Solution File, Format Version 12.00
# Visual Studio Version 16
VisualStudioVersion = 16.0.30523.141
MinimumVisualStudioVersion = 10.0.40219.1
Project("{FAE04EC0-301F-11D3-BF4B-00C04F79EFBC}") = "EventsTutor", "EventsTutor\EventsTutor.csproj", "{2D46E459-BB51-4748-B6D2-9EA0D749FBC5}"
EndProject
Global
	GlobalSection(SolutionConfigurationPlatforms) = preSolution
		Debug|Any CPU = Debug|Any CPU
		Release|Any CPU = Release|Any CPU
	EndGlobalSection
	GlobalSection(ProjectConfigurationPlatforms) = postSolution
		{2D46E459-BB51-4748-B6D2-9EA0D749FBC5}.Debug|Any CPU.ActiveCfg = Debug|Any CPU
		{2D46E459-BB51-4748-B6D2-9EA0D749FBC5}.Debug|Any CPU.Build.0 = Debug|Any CPU
		{2D46E459-BB51-4748-B6D2-9EA0D749FBC5}.Release|Any CPU.ActiveCfg = Release|Any CPU
		{2D46E459-BB51-4748-B6D2-9EA0D749FBC5}.Release|Any CPU.Build.0 = Release|Any CPU
	EndGlobalSection
	GlobalSection(SolutionProperties) = preSolution
		HideSolutionNode = FALSE
	EndGlobalSection
	GlobalSection(ExtensibilityGlobals) = postSolution
		SolutionGuid = {A2BA21F4-3F5A-49CE-8E33-DF8196123843}
	EndGlobalSection
EndGlobal
